
Microsoft Visual Studio Solution File, Format Version 12.00
# Visual Studio Version 17
VisualStudioVersion = 17.9.34701.34
MinimumVisualStudioVersion = 10.0.40219.1
Project("{FAE04EC0-301F-11D3-BF4B-00C04F79EFBC}") = "DemoBlazor", "DemoBlazor.csproj", "{2C035F5E-3FF3-4B52-86B9-BE3437BFE267}"
EndProject
Global
	GlobalSection(SolutionConfigurationPlatforms) = preSolution
		Debug|Any CPU = Debug|Any CPU
		Release|Any CPU = Release|Any CPU
	EndGlobalSection
	GlobalSection(ProjectConfigurationPlatforms) = postSolution
		{2C035F5E-3FF3-4B52-86B9-BE3437BFE267}.Debug|Any CPU.ActiveCfg = Debug|Any CPU
		{2C035F5E-3FF3-4B52-86B9-BE3437BFE267}.Debug|Any CPU.Build.0 = Debug|Any CPU
		{2C035F5E-3FF3-4B52-86B9-BE3437BFE267}.Release|Any CPU.ActiveCfg = Release|Any CPU
		{2C035F5E-3FF3-4B52-86B9-BE3437BFE267}.Release|Any CPU.Build.0 = Release|Any CPU
	EndGlobalSection
	GlobalSection(SolutionProperties) = preSolution
		HideSolutionNode = FALSE
	EndGlobalSection
	GlobalSection(ExtensibilityGlobals) = postSolution
		SolutionGuid = {F3E9F674-16FC-4239-9CFE-078B7FB5A42C}
	EndGlobalSection
EndGlobal
